
Microsoft Visual Studio Solution File, Format Version 12.00
# Visual Studio Version 17
VisualStudioVersion = 17.5.002.0
MinimumVisualStudioVersion = 10.0.40219.1
Project("{9A19103F-16F7-4668-BE54-9A1E7A4F7556}") = "GameRentalStore", "GameRentalStore.csproj", "{C9200375-54CA-439B-9BF6-F8EA4E2D2A3A}"
EndProject
Global
	GlobalSection(SolutionConfigurationPlatforms) = preSolution
		Debug|Any CPU = Debug|Any CPU
		Release|Any CPU = Release|Any CPU
	EndGlobalSection
	GlobalSection(ProjectConfigurationPlatforms) = postSolution
		{C9200375-54CA-439B-9BF6-F8EA4E2D2A3A}.Debug|Any CPU.ActiveCfg = Debug|Any CPU
		{C9200375-54CA-439B-9BF6-F8EA4E2D2A3A}.Debug|Any CPU.Build.0 = Debug|Any CPU
		{C9200375-54CA-439B-9BF6-F8EA4E2D2A3A}.Release|Any CPU.ActiveCfg = Release|Any CPU
		{C9200375-54CA-439B-9BF6-F8EA4E2D2A3A}.Release|Any CPU.Build.0 = Release|Any CPU
	EndGlobalSection
	GlobalSection(SolutionProperties) = preSolution
		HideSolutionNode = FALSE
	EndGlobalSection
	GlobalSection(ExtensibilityGlobals) = postSolution
		SolutionGuid = {D7943F0A-A081-4233-8807-895EB0449FF6}
	EndGlobalSection
EndGlobal
